<?xml version="1.0" encoding="UTF-8" standalone="yes" ?>
<CodeBlocks_project_file>
	<FileVersion major="1" minor="6" />
	<Project>
		<Option title="mine sweeper" />
		<Option pch_mode="2" />
		<Option compiler="gcc" />
		<Build>
			<Target title="Debug">
				<Option output="bin/Debug/mine sweeper" prefix_auto="1" extension_auto="1" />
				<Option object_output="obj/Debug/" />
				<Option type="1" />
				<Option compiler="gcc" />
				<Compiler>
					<Add option="-g" />
				</Compiler>
			</Target>
			<Target title="Release">
				<Option output="bin/Release/mine sweeper" prefix_auto="1" extension_auto="1" />
				<Option object_output="obj/Release/" />
				<Option type="1" />
				<Option compiler="gcc" />
				<Compiler>
					<Add option="-O2" />
				</Compiler>
				<Linker>
					<Add option="-s" />
				</Linker>
			</Target>
		</Build>
		<Compiler>
			<Add option="-Wall" />
		</Compiler>
		<Unit filename="empty.h">
			<Option target="&lt;{~None~}&gt;" />
		</Unit>
		<Unit filename="gamePlay.h">
			<Option target="&lt;{~None~}&gt;" />
		</Unit>
		<Unit filename="losing.h">
			<Option target="&lt;{~None~}&gt;" />
		</Unit>
		<Unit filename="main.c">
			<Option compilerVar="CC" />
		</Unit>
		<Unit filename="mine.h">
			<Option target="&lt;{~None~}&gt;" />
		</Unit>
		<Unit filename="open.h">
			<Option target="&lt;{~None~}&gt;" />
		</Unit>
		<Unit filename="print.h">
			<Option target="&lt;{~None~}&gt;" />
		</Unit>
		<Unit filename="save.h">
			<Option target="&lt;{~None~}&gt;" />
		</Unit>
		<Unit filename="scan.h">
			<Option target="&lt;{~None~}&gt;" />
		</Unit>
		<Unit filename="wait.h">
			<Option target="&lt;{~None~}&gt;" />
		</Unit>
		<Unit filename="winning.h">
			<Option target="&lt;{~None~}&gt;" />
		</Unit>
		<Extensions>
			<code_completion />
			<envvars />
			<debugger />
			<lib_finder disable_auto="1" />
		</Extensions>
	</Project>
</CodeBlocks_project_file>
